
Microsoft Visual Studio Solution File, Format Version 12.00
# Visual Studio Version 17
VisualStudioVersion = 17.0.31919.166
MinimumVisualStudioVersion = 10.0.40219.1
Project("{2150E333-8FDC-42A3-9474-1A3956D46DE8}") = "src", "src", "{03D05D59-AA4C-499B-9022-B33CD24013EB}"
EndProject
Project("{9A19103F-16F7-4668-BE54-9A1E7A4F7556}") = "Tc.Abp.AspNetCore", "framework\Tc.Abp.AspNetCore\Tc.Abp.AspNetCore.csproj", "{9696F302-82F9-4E90-B173-9E6E49D93429}"
EndProject
Project("{9A19103F-16F7-4668-BE54-9A1E7A4F7556}") = "Tc.Abp.AspNetCore.Components.Server", "framework\Tc.Abp.AspNetCore.Components.Server\Tc.Abp.AspNetCore.Components.Server.csproj", "{DA972B0E-874B-43B7-8227-53528A1DCF66}"
EndProject
Project("{9A19103F-16F7-4668-BE54-9A1E7A4F7556}") = "Tc.Abp.AspNetCore.Components.WebAssembly", "framework\Tc.Abp.AspNetCore.Components.WebAssembly\Tc.Abp.AspNetCore.Components.WebAssembly.csproj", "{2B78D7CA-2334-48BD-8F86-047C7E9ABBC1}"
EndProject
Project("{9A19103F-16F7-4668-BE54-9A1E7A4F7556}") = "Tc.Abp.AspNetCore.UI.AntDesign", "framework\Tc.Abp.AspNetCore.UI.AntDesign\Tc.Abp.AspNetCore.UI.AntDesign.csproj", "{9F811642-EDEF-443D-BD7A-55F3BB84B96E}"
EndProject
Project("{9A19103F-16F7-4668-BE54-9A1E7A4F7556}") = "Tc.Abp.AspNetCore.UI.AntDesign.Server", "framework\Tc.Abp.AspNetCore.UI.AntDesign.Server\Tc.Abp.AspNetCore.UI.AntDesign.Server.csproj", "{08558F13-36DA-4541-8A90-639BB7E690E1}"
EndProject
Project("{9A19103F-16F7-4668-BE54-9A1E7A4F7556}") = "Tc.Abp.AspNetCore.UI.AntDesign.WebAssembly", "framework\Tc.Abp.AspNetCore.UI.AntDesign.WebAssembly\Tc.Abp.AspNetCore.UI.AntDesign.WebAssembly.csproj", "{61C346F3-6BD4-444F-8806-6F3ADA014F7F}"
EndProject
Project("{9A19103F-16F7-4668-BE54-9A1E7A4F7556}") = "Tc.Abp.AspNetCore.UI.BootstrapBlazor", "framework\Tc.Abp.AspNetCore.UI.BootstrapBlazor\Tc.Abp.AspNetCore.UI.BootstrapBlazor.csproj", "{AB5420BA-A8D1-42F3-AF35-3C0A1D022E67}"
EndProject
Project("{9A19103F-16F7-4668-BE54-9A1E7A4F7556}") = "Tc.Abp.AspNetCore.UI.BootstrapBlazor.Server", "framework\Tc.Abp.AspNetCore.UI.BootstrapBlazor.Server\Tc.Abp.AspNetCore.UI.BootstrapBlazor.Server.csproj", "{F9A08DF0-5AD9-4A5D-8CF2-8E502A6E06D8}"
EndProject
Project("{9A19103F-16F7-4668-BE54-9A1E7A4F7556}") = "Tc.Abp.AspNetCore.UI.BootstrapBlazor.WebAssembly", "framework\Tc.Abp.AspNetCore.UI.BootstrapBlazor.WebAssembly\Tc.Abp.AspNetCore.UI.BootstrapBlazor.WebAssembly.csproj", "{2F95B288-12D7-4C6F-9691-7EC02236CBD8}"
EndProject
Project("{9A19103F-16F7-4668-BE54-9A1E7A4F7556}") = "Tc.Abp.AspNetCore.UI.MasaBlazor", "framework\Tc.Abp.AspNetCore.UI.MasaBlazor\Tc.Abp.AspNetCore.UI.MasaBlazor.csproj", "{7A6696AE-448F-4724-8D94-E1D3C1DDFA3D}"
EndProject
Project("{9A19103F-16F7-4668-BE54-9A1E7A4F7556}") = "Tc.Abp.AspNetCore.UI.MasaBlazor.Server", "framework\Tc.Abp.AspNetCore.UI.MasaBlazor.Server\Tc.Abp.AspNetCore.UI.MasaBlazor.Server.csproj", "{920D34C3-A204-468F-A80F-4ED215627F0E}"
EndProject
Project("{9A19103F-16F7-4668-BE54-9A1E7A4F7556}") = "Tc.Abp.AspNetCore.UI.MasaBlazor.WebAssembly", "framework\Tc.Abp.AspNetCore.UI.MasaBlazor.WebAssembly\Tc.Abp.AspNetCore.UI.MasaBlazor.WebAssembly.csproj", "{A85D53EF-F99E-4999-9416-63126EB3D54C}"
EndProject
Project("{9A19103F-16F7-4668-BE54-9A1E7A4F7556}") = "Tc.Abp.AspNetCore.UI.MudBlazor", "framework\Tc.Abp.AspNetCore.UI.MudBlazor\Tc.Abp.AspNetCore.UI.MudBlazor.csproj", "{F7EC2F0F-41C8-4979-B5C7-3F199551FDEE}"
EndProject
Project("{9A19103F-16F7-4668-BE54-9A1E7A4F7556}") = "Tc.Abp.AspNetCore.UI.MudBlazor.Server", "framework\Tc.Abp.AspNetCore.UI.MudBlazor.Server\Tc.Abp.AspNetCore.UI.MudBlazor.Server.csproj", "{B7C097D7-5256-466E-8A51-745AC08B37C6}"
EndProject
Project("{9A19103F-16F7-4668-BE54-9A1E7A4F7556}") = "Tc.Abp.AspNetCore.UI.MudBlazor.WebAssembly", "framework\Tc.Abp.AspNetCore.UI.MudBlazor.WebAssembly\Tc.Abp.AspNetCore.UI.MudBlazor.WebAssembly.csproj", "{40A3997D-9245-45DC-A448-2CC28DF2D6E2}"
EndProject
Project("{9A19103F-16F7-4668-BE54-9A1E7A4F7556}") = "Tc.Abp.AspNetCore.UI.Radzen", "framework\Tc.Abp.AspNetCore.UI.Radzen\Tc.Abp.AspNetCore.UI.Radzen.csproj", "{8871B9D5-1C7B-4A4C-A9F1-C2C315C0A734}"
EndProject
Project("{9A19103F-16F7-4668-BE54-9A1E7A4F7556}") = "Tc.Abp.AspNetCore.UI.Radzen.WebAssembly", "framework\Tc.Abp.AspNetCore.UI.Radzen.WebAssembly\Tc.Abp.AspNetCore.UI.Radzen.WebAssembly.csproj", "{0470D06C-7616-40BA-B7B8-E164BFCD0ECA}"
EndProject
Project("{9A19103F-16F7-4668-BE54-9A1E7A4F7556}") = "Tc.Abp.AspNetCore.UI.Radzen.Server", "framework\Tc.Abp.AspNetCore.UI.Radzen.Server\Tc.Abp.AspNetCore.UI.Radzen.Server.csproj", "{99942D14-9CE5-4404-B46B-566FA44C221F}"
EndProject
Global
	GlobalSection(SolutionConfigurationPlatforms) = preSolution
		Debug|Any CPU = Debug|Any CPU
		Release|Any CPU = Release|Any CPU
	EndGlobalSection
	GlobalSection(ProjectConfigurationPlatforms) = postSolution
		{9696F302-82F9-4E90-B173-9E6E49D93429}.Debug|Any CPU.ActiveCfg = Debug|Any CPU
		{9696F302-82F9-4E90-B173-9E6E49D93429}.Debug|Any CPU.Build.0 = Debug|Any CPU
		{9696F302-82F9-4E90-B173-9E6E49D93429}.Release|Any CPU.ActiveCfg = Release|Any CPU
		{9696F302-82F9-4E90-B173-9E6E49D93429}.Release|Any CPU.Build.0 = Release|Any CPU
		{DA972B0E-874B-43B7-8227-53528A1DCF66}.Debug|Any CPU.ActiveCfg = Debug|Any CPU
		{DA972B0E-874B-43B7-8227-53528A1DCF66}.Debug|Any CPU.Build.0 = Debug|Any CPU
		{DA972B0E-874B-43B7-8227-53528A1DCF66}.Release|Any CPU.ActiveCfg = Release|Any CPU
		{DA972B0E-874B-43B7-8227-53528A1DCF66}.Release|Any CPU.Build.0 = Release|Any CPU
		{2B78D7CA-2334-48BD-8F86-047C7E9ABBC1}.Debug|Any CPU.ActiveCfg = Debug|Any CPU
		{2B78D7CA-2334-48BD-8F86-047C7E9ABBC1}.Debug|Any CPU.Build.0 = Debug|Any CPU
		{2B78D7CA-2334-48BD-8F86-047C7E9ABBC1}.Release|Any CPU.ActiveCfg = Release|Any CPU
		{2B78D7CA-2334-48BD-8F86-047C7E9ABBC1}.Release|Any CPU.Build.0 = Release|Any CPU
		{9F811642-EDEF-443D-BD7A-55F3BB84B96E}.Debug|Any CPU.ActiveCfg = Debug|Any CPU
		{9F811642-EDEF-443D-BD7A-55F3BB84B96E}.Debug|Any CPU.Build.0 = Debug|Any CPU
		{9F811642-EDEF-443D-BD7A-55F3BB84B96E}.Release|Any CPU.ActiveCfg = Release|Any CPU
		{9F811642-EDEF-443D-BD7A-55F3BB84B96E}.Release|Any CPU.Build.0 = Release|Any CPU
		{08558F13-36DA-4541-8A90-639BB7E690E1}.Debug|Any CPU.ActiveCfg = Debug|Any CPU
		{08558F13-36DA-4541-8A90-639BB7E690E1}.Debug|Any CPU.Build.0 = Debug|Any CPU
		{08558F13-36DA-4541-8A90-639BB7E690E1}.Release|Any CPU.ActiveCfg = Release|Any CPU
		{08558F13-36DA-4541-8A90-639BB7E690E1}.Release|Any CPU.Build.0 = Release|Any CPU
		{61C346F3-6BD4-444F-8806-6F3ADA014F7F}.Debug|Any CPU.ActiveCfg = Debug|Any CPU
		{61C346F3-6BD4-444F-8806-6F3ADA014F7F}.Debug|Any CPU.Build.0 = Debug|Any CPU
		{61C346F3-6BD4-444F-8806-6F3ADA014F7F}.Release|Any CPU.ActiveCfg = Release|Any CPU
		{61C346F3-6BD4-444F-8806-6F3ADA014F7F}.Release|Any CPU.Build.0 = Release|Any CPU
		{AB5420BA-A8D1-42F3-AF35-3C0A1D022E67}.Debug|Any CPU.ActiveCfg = Debug|Any CPU
		{AB5420BA-A8D1-42F3-AF35-3C0A1D022E67}.Debug|Any CPU.Build.0 = Debug|Any CPU
		{AB5420BA-A8D1-42F3-AF35-3C0A1D022E67}.Release|Any CPU.ActiveCfg = Release|Any CPU
		{AB5420BA-A8D1-42F3-AF35-3C0A1D022E67}.Release|Any CPU.Build.0 = Release|Any CPU
		{F9A08DF0-5AD9-4A5D-8CF2-8E502A6E06D8}.Debug|Any CPU.ActiveCfg = Debug|Any CPU
		{F9A08DF0-5AD9-4A5D-8CF2-8E502A6E06D8}.Debug|Any CPU.Build.0 = Debug|Any CPU
		{F9A08DF0-5AD9-4A5D-8CF2-8E502A6E06D8}.Release|Any CPU.ActiveCfg = Release|Any CPU
		{F9A08DF0-5AD9-4A5D-8CF2-8E502A6E06D8}.Release|Any CPU.Build.0 = Release|Any CPU
		{2F95B288-12D7-4C6F-9691-7EC02236CBD8}.Debug|Any CPU.ActiveCfg = Debug|Any CPU
		{2F95B288-12D7-4C6F-9691-7EC02236CBD8}.Debug|Any CPU.Build.0 = Debug|Any CPU
		{2F95B288-12D7-4C6F-9691-7EC02236CBD8}.Release|Any CPU.ActiveCfg = Release|Any CPU
		{2F95B288-12D7-4C6F-9691-7EC02236CBD8}.Release|Any CPU.Build.0 = Release|Any CPU
		{7A6696AE-448F-4724-8D94-E1D3C1DDFA3D}.Debug|Any CPU.ActiveCfg = Debug|Any CPU
		{7A6696AE-448F-4724-8D94-E1D3C1DDFA3D}.Debug|Any CPU.Build.0 = Debug|Any CPU
		{7A6696AE-448F-4724-8D94-E1D3C1DDFA3D}.Release|Any CPU.ActiveCfg = Release|Any CPU
		{7A6696AE-448F-4724-8D94-E1D3C1DDFA3D}.Release|Any CPU.Build.0 = Release|Any CPU
		{920D34C3-A204-468F-A80F-4ED215627F0E}.Debug|Any CPU.ActiveCfg = Debug|Any CPU
		{920D34C3-A204-468F-A80F-4ED215627F0E}.Debug|Any CPU.Build.0 = Debug|Any CPU
		{920D34C3-A204-468F-A80F-4ED215627F0E}.Release|Any CPU.ActiveCfg = Release|Any CPU
		{920D34C3-A204-468F-A80F-4ED215627F0E}.Release|Any CPU.Build.0 = Release|Any CPU
		{A85D53EF-F99E-4999-9416-63126EB3D54C}.Debug|Any CPU.ActiveCfg = Debug|Any CPU
		{A85D53EF-F99E-4999-9416-63126EB3D54C}.Debug|Any CPU.Build.0 = Debug|Any CPU
		{A85D53EF-F99E-4999-9416-63126EB3D54C}.Release|Any CPU.ActiveCfg = Release|Any CPU
		{A85D53EF-F99E-4999-9416-63126EB3D54C}.Release|Any CPU.Build.0 = Release|Any CPU
		{F7EC2F0F-41C8-4979-B5C7-3F199551FDEE}.Debug|Any CPU.ActiveCfg = Debug|Any CPU
		{F7EC2F0F-41C8-4979-B5C7-3F199551FDEE}.Debug|Any CPU.Build.0 = Debug|Any CPU
		{F7EC2F0F-41C8-4979-B5C7-3F199551FDEE}.Release|Any CPU.ActiveCfg = Release|Any CPU
		{F7EC2F0F-41C8-4979-B5C7-3F199551FDEE}.Release|Any CPU.Build.0 = Release|Any CPU
		{B7C097D7-5256-466E-8A51-745AC08B37C6}.Debug|Any CPU.ActiveCfg = Debug|Any CPU
		{B7C097D7-5256-466E-8A51-745AC08B37C6}.Debug|Any CPU.Build.0 = Debug|Any CPU
		{B7C097D7-5256-466E-8A51-745AC08B37C6}.Release|Any CPU.ActiveCfg = Release|Any CPU
		{B7C097D7-5256-466E-8A51-745AC08B37C6}.Release|Any CPU.Build.0 = Release|Any CPU
		{40A3997D-9245-45DC-A448-2CC28DF2D6E2}.Debug|Any CPU.ActiveCfg = Debug|Any CPU
		{40A3997D-9245-45DC-A448-2CC28DF2D6E2}.Debug|Any CPU.Build.0 = Debug|Any CPU
		{40A3997D-9245-45DC-A448-2CC28DF2D6E2}.Release|Any CPU.ActiveCfg = Release|Any CPU
		{40A3997D-9245-45DC-A448-2CC28DF2D6E2}.Release|Any CPU.Build.0 = Release|Any CPU
		{8871B9D5-1C7B-4A4C-A9F1-C2C315C0A734}.Debug|Any CPU.ActiveCfg = Debug|Any CPU
		{8871B9D5-1C7B-4A4C-A9F1-C2C315C0A734}.Debug|Any CPU.Build.0 = Debug|Any CPU
		{8871B9D5-1C7B-4A4C-A9F1-C2C315C0A734}.Release|Any CPU.ActiveCfg = Release|Any CPU
		{8871B9D5-1C7B-4A4C-A9F1-C2C315C0A734}.Release|Any CPU.Build.0 = Release|Any CPU
		{0470D06C-7616-40BA-B7B8-E164BFCD0ECA}.Debug|Any CPU.ActiveCfg = Debug|Any CPU
		{0470D06C-7616-40BA-B7B8-E164BFCD0ECA}.Debug|Any CPU.Build.0 = Debug|Any CPU
		{0470D06C-7616-40BA-B7B8-E164BFCD0ECA}.Release|Any CPU.ActiveCfg = Release|Any CPU
		{0470D06C-7616-40BA-B7B8-E164BFCD0ECA}.Release|Any CPU.Build.0 = Release|Any CPU
		{99942D14-9CE5-4404-B46B-566FA44C221F}.Debug|Any CPU.ActiveCfg = Debug|Any CPU
		{99942D14-9CE5-4404-B46B-566FA44C221F}.Debug|Any CPU.Build.0 = Debug|Any CPU
		{99942D14-9CE5-4404-B46B-566FA44C221F}.Release|Any CPU.ActiveCfg = Release|Any CPU
		{99942D14-9CE5-4404-B46B-566FA44C221F}.Release|Any CPU.Build.0 = Release|Any CPU
	EndGlobalSection
	GlobalSection(SolutionProperties) = preSolution
		HideSolutionNode = FALSE
	EndGlobalSection
	GlobalSection(NestedProjects) = preSolution
		{9696F302-82F9-4E90-B173-9E6E49D93429} = {03D05D59-AA4C-499B-9022-B33CD24013EB}
		{DA972B0E-874B-43B7-8227-53528A1DCF66} = {03D05D59-AA4C-499B-9022-B33CD24013EB}
		{2B78D7CA-2334-48BD-8F86-047C7E9ABBC1} = {03D05D59-AA4C-499B-9022-B33CD24013EB}
		{9F811642-EDEF-443D-BD7A-55F3BB84B96E} = {03D05D59-AA4C-499B-9022-B33CD24013EB}
		{08558F13-36DA-4541-8A90-639BB7E690E1} = {03D05D59-AA4C-499B-9022-B33CD24013EB}
		{61C346F3-6BD4-444F-8806-6F3ADA014F7F} = {03D05D59-AA4C-499B-9022-B33CD24013EB}
		{AB5420BA-A8D1-42F3-AF35-3C0A1D022E67} = {03D05D59-AA4C-499B-9022-B33CD24013EB}
		{F9A08DF0-5AD9-4A5D-8CF2-8E502A6E06D8} = {03D05D59-AA4C-499B-9022-B33CD24013EB}
		{2F95B288-12D7-4C6F-9691-7EC02236CBD8} = {03D05D59-AA4C-499B-9022-B33CD24013EB}
		{7A6696AE-448F-4724-8D94-E1D3C1DDFA3D} = {03D05D59-AA4C-499B-9022-B33CD24013EB}
		{920D34C3-A204-468F-A80F-4ED215627F0E} = {03D05D59-AA4C-499B-9022-B33CD24013EB}
		{A85D53EF-F99E-4999-9416-63126EB3D54C} = {03D05D59-AA4C-499B-9022-B33CD24013EB}
		{F7EC2F0F-41C8-4979-B5C7-3F199551FDEE} = {03D05D59-AA4C-499B-9022-B33CD24013EB}
		{B7C097D7-5256-466E-8A51-745AC08B37C6} = {03D05D59-AA4C-499B-9022-B33CD24013EB}
		{40A3997D-9245-45DC-A448-2CC28DF2D6E2} = {03D05D59-AA4C-499B-9022-B33CD24013EB}
		{8871B9D5-1C7B-4A4C-A9F1-C2C315C0A734} = {03D05D59-AA4C-499B-9022-B33CD24013EB}
		{0470D06C-7616-40BA-B7B8-E164BFCD0ECA} = {03D05D59-AA4C-499B-9022-B33CD24013EB}
		{99942D14-9CE5-4404-B46B-566FA44C221F} = {03D05D59-AA4C-499B-9022-B33CD24013EB}
	EndGlobalSection
	GlobalSection(ExtensibilityGlobals) = postSolution
		SolutionGuid = {CCFE21D1-8264-41D5-B372-74B18454B7B9}
	EndGlobalSection
EndGlobal
