
Microsoft Visual Studio Solution File, Format Version 12.00
# Visual Studio Version 17
VisualStudioVersion = 17.0.31919.166
MinimumVisualStudioVersion = 10.0.40219.1
Project("{9A19103F-16F7-4668-BE54-9A1E7A4F7556}") = "Tchivs.Abp.Core", "framework\Tchivs.Abp.Core\Tchivs.Abp.Core.csproj", "{5AC22666-5B20-42BF-AE24-902246EAEC59}"
EndProject
Project("{9A19103F-16F7-4668-BE54-9A1E7A4F7556}") = "Tchivs.Abp.AspNetCore.Blazor", "framework\Tchivs.Abp.AspNetCore.Blazor\Tchivs.Abp.AspNetCore.Blazor.csproj", "{BB8045EA-72FA-410A-9472-014ECBD0DBEF}"
EndProject
Project("{9A19103F-16F7-4668-BE54-9A1E7A4F7556}") = "Tchivs.Abp.AspNetCore.Blazor.Server", "framework\Tchivs.Abp.AspNetCore.Blazor.Server\Tchivs.Abp.AspNetCore.Blazor.Server.csproj", "{0665D1F0-912E-4A79-BB63-6BFE01C751AE}"
EndProject
Project("{9A19103F-16F7-4668-BE54-9A1E7A4F7556}") = "Tchivs.Abp.AspNetCore.Blazor.Abstractions", "framework\Tchivs.Abp.AspNetCore.Blazor.Abstractions\Tchivs.Abp.AspNetCore.Blazor.Abstractions.csproj", "{A5BA6603-501E-42F1-B63A-759E85E8368D}"
EndProject
Project("{9A19103F-16F7-4668-BE54-9A1E7A4F7556}") = "Tchivs.Abp.AspNetCore.Blazor.WebAssembly", "framework\Tchivs.Abp.AspNetCore.Blazor.WebAssembly\Tchivs.Abp.AspNetCore.Blazor.WebAssembly.csproj", "{638FA9CF-9DFA-4314-A4B7-BDBC7277D889}"
EndProject
Project("{2150E333-8FDC-42A3-9474-1A3956D46DE8}") = "src", "src", "{03D05D59-AA4C-499B-9022-B33CD24013EB}"
EndProject
Project("{9A19103F-16F7-4668-BE54-9A1E7A4F7556}") = "Tchivs.Abp.AspNetCore.Blazor.Localization", "framework\Tchivs.Abp.AspNetCore.Blazor.Localization\Tchivs.Abp.AspNetCore.Blazor.Localization.csproj", "{8D631DAF-1F1A-4345-A2C1-34EFCA7AAB1F}"
EndProject
Project("{2150E333-8FDC-42A3-9474-1A3956D46DE8}") = "samples", "samples", "{FFD77A94-D02E-4DE8-BC89-8090612FBB89}"
EndProject
Project("{2150E333-8FDC-42A3-9474-1A3956D46DE8}") = "blazor", "blazor", "{E9D6627C-4AAA-4159-A9D9-8D747F8D1006}"
EndProject
Project("{2150E333-8FDC-42A3-9474-1A3956D46DE8}") = "modules", "modules", "{92D1F899-54F6-465A-908C-163A1856AA70}"
EndProject
Project("{2150E333-8FDC-42A3-9474-1A3956D46DE8}") = "identity", "identity", "{80ED1079-AA7D-476A-9F36-A91C8AB171DD}"
EndProject
Project("{9A19103F-16F7-4668-BE54-9A1E7A4F7556}") = "Tchivs.Abp.Identity.Blazor", "modules\Identity\Tchivs.Abp.Identity.Blazor\Tchivs.Abp.Identity.Blazor.csproj", "{89FEB654-5249-4EEF-BBE9-1D3E53DB5C33}"
EndProject
Project("{9A19103F-16F7-4668-BE54-9A1E7A4F7556}") = "Tchivs.Abp.Identity.Blazor.Server", "modules\Identity\Tchivs.Abp.Identity.Blazor.Server\Tchivs.Abp.Identity.Blazor.Server.csproj", "{2F271DFD-8363-468F-B964-EF98B12A91AD}"
EndProject
Project("{9A19103F-16F7-4668-BE54-9A1E7A4F7556}") = "Tchivs.Abp.Identity.Blazor.WebAssembly", "modules\Identity\Tchivs.Abp.Identity.Blazor.WebAssembly\Tchivs.Abp.Identity.Blazor.WebAssembly.csproj", "{8FBEE723-BACA-4ACF-8659-672B18336275}"
EndProject
Project("{9A19103F-16F7-4668-BE54-9A1E7A4F7556}") = "BlazorApp.Server.Host", "samples\03.0.blazor\BlazorApp.Server.Host\BlazorApp.Server.Host.csproj", "{7D0FC7CB-F58E-47E3-A462-61FF4A09CE60}"
EndProject
Project("{9A19103F-16F7-4668-BE54-9A1E7A4F7556}") = "BlazorApp.WebAssembly.Host", "samples\03.0.blazor\BlazorApp.WebAssembly.Host\BlazorApp.WebAssembly.Host.csproj", "{C3BB971D-9946-4301-9782-94D6BAB2E678}"
EndProject
Project("{9A19103F-16F7-4668-BE54-9A1E7A4F7556}") = "IdentityServer", "samples\03.0.blazor\IdentityServer\IdentityServer.csproj", "{CC24E45A-28F3-445E-A59C-91280E1A0262}"
EndProject
Project("{9A19103F-16F7-4668-BE54-9A1E7A4F7556}") = "Tchivs.Abp.UI.Bootstrap", "framework\Tchivs.Abp.UI.Bootstrap\Tchivs.Abp.UI.Bootstrap.csproj", "{74E25924-49EC-4C32-B75A-A7FFE2F53598}"
EndProject
Project("{9A19103F-16F7-4668-BE54-9A1E7A4F7556}") = "Tchivs.Abp.UI", "framework\Tchivs.Abp.UI\Tchivs.Abp.UI.csproj", "{DBBADC02-E6EA-447D-897E-8EE953931E11}"
EndProject
Project("{9A19103F-16F7-4668-BE54-9A1E7A4F7556}") = "Tchivs.Abp.AspNetCore.Components.Server.Theming", "framework\Tchivs.Abp.AspNetCore.Components.Server.Theming\Tchivs.Abp.AspNetCore.Components.Server.Theming.csproj", "{EDC67EE9-5581-4F00-906E-ACFA4B0B7EAE}"
EndProject
Project("{9A19103F-16F7-4668-BE54-9A1E7A4F7556}") = "Tchivs.Abp.AspNetCore.Components.WebAssembly.Theming", "framework\Tchivs.Abp.AspNetCore.Components.WebAssembly.Theming\Tchivs.Abp.AspNetCore.Components.WebAssembly.Theming.csproj", "{A6D67857-7843-4310-AC75-093970A3CB03}"
EndProject
Project("{2150E333-8FDC-42A3-9474-1A3956D46DE8}") = "bootstrap", "bootstrap", "{D6D4C6A9-2FE3-4049-8528-365D2B2CBB5D}"
EndProject
Global
	GlobalSection(SolutionConfigurationPlatforms) = preSolution
		Debug|Any CPU = Debug|Any CPU
		Release|Any CPU = Release|Any CPU
	EndGlobalSection
	GlobalSection(ProjectConfigurationPlatforms) = postSolution
		{5AC22666-5B20-42BF-AE24-902246EAEC59}.Debug|Any CPU.ActiveCfg = Debug|Any CPU
		{5AC22666-5B20-42BF-AE24-902246EAEC59}.Debug|Any CPU.Build.0 = Debug|Any CPU
		{5AC22666-5B20-42BF-AE24-902246EAEC59}.Release|Any CPU.ActiveCfg = Release|Any CPU
		{5AC22666-5B20-42BF-AE24-902246EAEC59}.Release|Any CPU.Build.0 = Release|Any CPU
		{BB8045EA-72FA-410A-9472-014ECBD0DBEF}.Debug|Any CPU.ActiveCfg = Debug|Any CPU
		{BB8045EA-72FA-410A-9472-014ECBD0DBEF}.Debug|Any CPU.Build.0 = Debug|Any CPU
		{BB8045EA-72FA-410A-9472-014ECBD0DBEF}.Release|Any CPU.ActiveCfg = Release|Any CPU
		{BB8045EA-72FA-410A-9472-014ECBD0DBEF}.Release|Any CPU.Build.0 = Release|Any CPU
		{0665D1F0-912E-4A79-BB63-6BFE01C751AE}.Debug|Any CPU.ActiveCfg = Debug|Any CPU
		{0665D1F0-912E-4A79-BB63-6BFE01C751AE}.Debug|Any CPU.Build.0 = Debug|Any CPU
		{0665D1F0-912E-4A79-BB63-6BFE01C751AE}.Release|Any CPU.ActiveCfg = Release|Any CPU
		{0665D1F0-912E-4A79-BB63-6BFE01C751AE}.Release|Any CPU.Build.0 = Release|Any CPU
		{A5BA6603-501E-42F1-B63A-759E85E8368D}.Debug|Any CPU.ActiveCfg = Debug|Any CPU
		{A5BA6603-501E-42F1-B63A-759E85E8368D}.Debug|Any CPU.Build.0 = Debug|Any CPU
		{A5BA6603-501E-42F1-B63A-759E85E8368D}.Release|Any CPU.ActiveCfg = Release|Any CPU
		{A5BA6603-501E-42F1-B63A-759E85E8368D}.Release|Any CPU.Build.0 = Release|Any CPU
		{638FA9CF-9DFA-4314-A4B7-BDBC7277D889}.Debug|Any CPU.ActiveCfg = Debug|Any CPU
		{638FA9CF-9DFA-4314-A4B7-BDBC7277D889}.Debug|Any CPU.Build.0 = Debug|Any CPU
		{638FA9CF-9DFA-4314-A4B7-BDBC7277D889}.Release|Any CPU.ActiveCfg = Release|Any CPU
		{638FA9CF-9DFA-4314-A4B7-BDBC7277D889}.Release|Any CPU.Build.0 = Release|Any CPU
		{8D631DAF-1F1A-4345-A2C1-34EFCA7AAB1F}.Debug|Any CPU.ActiveCfg = Debug|Any CPU
		{8D631DAF-1F1A-4345-A2C1-34EFCA7AAB1F}.Debug|Any CPU.Build.0 = Debug|Any CPU
		{8D631DAF-1F1A-4345-A2C1-34EFCA7AAB1F}.Release|Any CPU.ActiveCfg = Release|Any CPU
		{8D631DAF-1F1A-4345-A2C1-34EFCA7AAB1F}.Release|Any CPU.Build.0 = Release|Any CPU
		{89FEB654-5249-4EEF-BBE9-1D3E53DB5C33}.Debug|Any CPU.ActiveCfg = Debug|Any CPU
		{89FEB654-5249-4EEF-BBE9-1D3E53DB5C33}.Debug|Any CPU.Build.0 = Debug|Any CPU
		{89FEB654-5249-4EEF-BBE9-1D3E53DB5C33}.Release|Any CPU.ActiveCfg = Release|Any CPU
		{89FEB654-5249-4EEF-BBE9-1D3E53DB5C33}.Release|Any CPU.Build.0 = Release|Any CPU
		{2F271DFD-8363-468F-B964-EF98B12A91AD}.Debug|Any CPU.ActiveCfg = Debug|Any CPU
		{2F271DFD-8363-468F-B964-EF98B12A91AD}.Debug|Any CPU.Build.0 = Debug|Any CPU
		{2F271DFD-8363-468F-B964-EF98B12A91AD}.Release|Any CPU.ActiveCfg = Release|Any CPU
		{2F271DFD-8363-468F-B964-EF98B12A91AD}.Release|Any CPU.Build.0 = Release|Any CPU
		{8FBEE723-BACA-4ACF-8659-672B18336275}.Debug|Any CPU.ActiveCfg = Debug|Any CPU
		{8FBEE723-BACA-4ACF-8659-672B18336275}.Debug|Any CPU.Build.0 = Debug|Any CPU
		{8FBEE723-BACA-4ACF-8659-672B18336275}.Release|Any CPU.ActiveCfg = Release|Any CPU
		{8FBEE723-BACA-4ACF-8659-672B18336275}.Release|Any CPU.Build.0 = Release|Any CPU
		{7D0FC7CB-F58E-47E3-A462-61FF4A09CE60}.Debug|Any CPU.ActiveCfg = Debug|Any CPU
		{7D0FC7CB-F58E-47E3-A462-61FF4A09CE60}.Debug|Any CPU.Build.0 = Debug|Any CPU
		{7D0FC7CB-F58E-47E3-A462-61FF4A09CE60}.Release|Any CPU.ActiveCfg = Release|Any CPU
		{7D0FC7CB-F58E-47E3-A462-61FF4A09CE60}.Release|Any CPU.Build.0 = Release|Any CPU
		{C3BB971D-9946-4301-9782-94D6BAB2E678}.Debug|Any CPU.ActiveCfg = Debug|Any CPU
		{C3BB971D-9946-4301-9782-94D6BAB2E678}.Debug|Any CPU.Build.0 = Debug|Any CPU
		{C3BB971D-9946-4301-9782-94D6BAB2E678}.Release|Any CPU.ActiveCfg = Release|Any CPU
		{C3BB971D-9946-4301-9782-94D6BAB2E678}.Release|Any CPU.Build.0 = Release|Any CPU
		{CC24E45A-28F3-445E-A59C-91280E1A0262}.Debug|Any CPU.ActiveCfg = Debug|Any CPU
		{CC24E45A-28F3-445E-A59C-91280E1A0262}.Debug|Any CPU.Build.0 = Debug|Any CPU
		{CC24E45A-28F3-445E-A59C-91280E1A0262}.Release|Any CPU.ActiveCfg = Release|Any CPU
		{CC24E45A-28F3-445E-A59C-91280E1A0262}.Release|Any CPU.Build.0 = Release|Any CPU
		{74E25924-49EC-4C32-B75A-A7FFE2F53598}.Debug|Any CPU.ActiveCfg = Debug|Any CPU
		{74E25924-49EC-4C32-B75A-A7FFE2F53598}.Debug|Any CPU.Build.0 = Debug|Any CPU
		{74E25924-49EC-4C32-B75A-A7FFE2F53598}.Release|Any CPU.ActiveCfg = Release|Any CPU
		{74E25924-49EC-4C32-B75A-A7FFE2F53598}.Release|Any CPU.Build.0 = Release|Any CPU
		{DBBADC02-E6EA-447D-897E-8EE953931E11}.Debug|Any CPU.ActiveCfg = Debug|Any CPU
		{DBBADC02-E6EA-447D-897E-8EE953931E11}.Debug|Any CPU.Build.0 = Debug|Any CPU
		{DBBADC02-E6EA-447D-897E-8EE953931E11}.Release|Any CPU.ActiveCfg = Release|Any CPU
		{DBBADC02-E6EA-447D-897E-8EE953931E11}.Release|Any CPU.Build.0 = Release|Any CPU
		{EDC67EE9-5581-4F00-906E-ACFA4B0B7EAE}.Debug|Any CPU.ActiveCfg = Debug|Any CPU
		{EDC67EE9-5581-4F00-906E-ACFA4B0B7EAE}.Debug|Any CPU.Build.0 = Debug|Any CPU
		{EDC67EE9-5581-4F00-906E-ACFA4B0B7EAE}.Release|Any CPU.ActiveCfg = Release|Any CPU
		{EDC67EE9-5581-4F00-906E-ACFA4B0B7EAE}.Release|Any CPU.Build.0 = Release|Any CPU
		{A6D67857-7843-4310-AC75-093970A3CB03}.Debug|Any CPU.ActiveCfg = Debug|Any CPU
		{A6D67857-7843-4310-AC75-093970A3CB03}.Debug|Any CPU.Build.0 = Debug|Any CPU
		{A6D67857-7843-4310-AC75-093970A3CB03}.Release|Any CPU.ActiveCfg = Release|Any CPU
		{A6D67857-7843-4310-AC75-093970A3CB03}.Release|Any CPU.Build.0 = Release|Any CPU
	EndGlobalSection
	GlobalSection(SolutionProperties) = preSolution
		HideSolutionNode = FALSE
	EndGlobalSection
	GlobalSection(NestedProjects) = preSolution
		{5AC22666-5B20-42BF-AE24-902246EAEC59} = {03D05D59-AA4C-499B-9022-B33CD24013EB}
		{BB8045EA-72FA-410A-9472-014ECBD0DBEF} = {03D05D59-AA4C-499B-9022-B33CD24013EB}
		{0665D1F0-912E-4A79-BB63-6BFE01C751AE} = {03D05D59-AA4C-499B-9022-B33CD24013EB}
		{A5BA6603-501E-42F1-B63A-759E85E8368D} = {03D05D59-AA4C-499B-9022-B33CD24013EB}
		{638FA9CF-9DFA-4314-A4B7-BDBC7277D889} = {03D05D59-AA4C-499B-9022-B33CD24013EB}
		{8D631DAF-1F1A-4345-A2C1-34EFCA7AAB1F} = {03D05D59-AA4C-499B-9022-B33CD24013EB}
		{E9D6627C-4AAA-4159-A9D9-8D747F8D1006} = {FFD77A94-D02E-4DE8-BC89-8090612FBB89}
		{92D1F899-54F6-465A-908C-163A1856AA70} = {03D05D59-AA4C-499B-9022-B33CD24013EB}
		{80ED1079-AA7D-476A-9F36-A91C8AB171DD} = {92D1F899-54F6-465A-908C-163A1856AA70}
		{89FEB654-5249-4EEF-BBE9-1D3E53DB5C33} = {80ED1079-AA7D-476A-9F36-A91C8AB171DD}
		{2F271DFD-8363-468F-B964-EF98B12A91AD} = {80ED1079-AA7D-476A-9F36-A91C8AB171DD}
		{8FBEE723-BACA-4ACF-8659-672B18336275} = {80ED1079-AA7D-476A-9F36-A91C8AB171DD}
		{7D0FC7CB-F58E-47E3-A462-61FF4A09CE60} = {E9D6627C-4AAA-4159-A9D9-8D747F8D1006}
		{C3BB971D-9946-4301-9782-94D6BAB2E678} = {E9D6627C-4AAA-4159-A9D9-8D747F8D1006}
		{CC24E45A-28F3-445E-A59C-91280E1A0262} = {E9D6627C-4AAA-4159-A9D9-8D747F8D1006}
		{74E25924-49EC-4C32-B75A-A7FFE2F53598} = {03D05D59-AA4C-499B-9022-B33CD24013EB}
		{DBBADC02-E6EA-447D-897E-8EE953931E11} = {03D05D59-AA4C-499B-9022-B33CD24013EB}
		{EDC67EE9-5581-4F00-906E-ACFA4B0B7EAE} = {03D05D59-AA4C-499B-9022-B33CD24013EB}
		{A6D67857-7843-4310-AC75-093970A3CB03} = {03D05D59-AA4C-499B-9022-B33CD24013EB}
		{D6D4C6A9-2FE3-4049-8528-365D2B2CBB5D} = {92D1F899-54F6-465A-908C-163A1856AA70}
	EndGlobalSection
	GlobalSection(ExtensibilityGlobals) = postSolution
		SolutionGuid = {CCFE21D1-8264-41D5-B372-74B18454B7B9}
	EndGlobalSection
EndGlobal
