
Microsoft Visual Studio Solution File, Format Version 12.00
# Visual Studio Version 17
VisualStudioVersion = 17.0.32014.148
MinimumVisualStudioVersion = 10.0.40219.1
Project("{2150E333-8FDC-42A3-9474-1A3956D46DE8}") = "applications", "applications", "{4115662A-6F65-4BBD-A677-E8FA0B6F5B40}"
EndProject
Project("{2150E333-8FDC-42A3-9474-1A3956D46DE8}") = "AuthServer.Host", "AuthServer.Host", "{AFF6BC05-2344-4156-B2D6-DD0053343E45}"
EndProject
Project("{2150E333-8FDC-42A3-9474-1A3956D46DE8}") = "shards", "shards", "{DA8A813F-0191-4FBB-BA61-517CFD2A7FE0}"
EndProject
Project("{9A19103F-16F7-4668-BE54-9A1E7A4F7556}") = "MicroService.Shared", "shareds\MicroService.Shared\MicroService.Shared.csproj", "{7B8CF533-72D9-41EC-AD32-433F8E21C8C8}"
EndProject
Project("{9A19103F-16F7-4668-BE54-9A1E7A4F7556}") = "AuthServer.Host", "applications\AuthServer.Host\AuthServer.Host.csproj", "{E9615BAF-8F5E-4EFF-BD56-3E4314E664F9}"
EndProject
Global
	GlobalSection(SolutionConfigurationPlatforms) = preSolution
		Debug|Any CPU = Debug|Any CPU
		Release|Any CPU = Release|Any CPU
	EndGlobalSection
	GlobalSection(ProjectConfigurationPlatforms) = postSolution
		{7B8CF533-72D9-41EC-AD32-433F8E21C8C8}.Debug|Any CPU.ActiveCfg = Debug|Any CPU
		{7B8CF533-72D9-41EC-AD32-433F8E21C8C8}.Debug|Any CPU.Build.0 = Debug|Any CPU
		{7B8CF533-72D9-41EC-AD32-433F8E21C8C8}.Release|Any CPU.ActiveCfg = Release|Any CPU
		{7B8CF533-72D9-41EC-AD32-433F8E21C8C8}.Release|Any CPU.Build.0 = Release|Any CPU
		{E9615BAF-8F5E-4EFF-BD56-3E4314E664F9}.Debug|Any CPU.ActiveCfg = Debug|Any CPU
		{E9615BAF-8F5E-4EFF-BD56-3E4314E664F9}.Debug|Any CPU.Build.0 = Debug|Any CPU
		{E9615BAF-8F5E-4EFF-BD56-3E4314E664F9}.Release|Any CPU.ActiveCfg = Release|Any CPU
		{E9615BAF-8F5E-4EFF-BD56-3E4314E664F9}.Release|Any CPU.Build.0 = Release|Any CPU
	EndGlobalSection
	GlobalSection(SolutionProperties) = preSolution
		HideSolutionNode = FALSE
	EndGlobalSection
	GlobalSection(NestedProjects) = preSolution
		{AFF6BC05-2344-4156-B2D6-DD0053343E45} = {4115662A-6F65-4BBD-A677-E8FA0B6F5B40}
		{7B8CF533-72D9-41EC-AD32-433F8E21C8C8} = {DA8A813F-0191-4FBB-BA61-517CFD2A7FE0}
		{E9615BAF-8F5E-4EFF-BD56-3E4314E664F9} = {AFF6BC05-2344-4156-B2D6-DD0053343E45}
	EndGlobalSection
	GlobalSection(ExtensibilityGlobals) = postSolution
		SolutionGuid = {D7DAFEBC-B2DF-4843-8FBB-66C058AE9B64}
	EndGlobalSection
EndGlobal
