Microsoft Visual Studio Solution File, Format Version 12.00
# Visual Studio Version 17
VisualStudioVersion = 17.0.32112.339
MinimumVisualStudioVersion = 10.0.40219.1
Project("{2150E333-8FDC-42A3-9474-1A3956D46DE8}") = "src", "src", "{D3E8A34C-60F0-4201-AE74-F568984B1825}"
EndProject
Project("{2150E333-8FDC-42A3-9474-1A3956D46DE8}") = "samples", "samples", "{C59CD7D2-8E53-449D-91F1-3BDC14BAD1C0}"
EndProject
Project("{9A19103F-16F7-4668-BE54-9A1E7A4F7556}") = "Tchivs.Abp.Core", "..\framework\Tchivs.Abp.Core\Tchivs.Abp.Core.csproj", "{D0B8D870-B637-4604-924E-8C60BDA62859}"
EndProject
Project("{2150E333-8FDC-42A3-9474-1A3956D46DE8}") = "03.0.blazor", "03.0.blazor", "{4821AFD5-FA9D-4E97-93D1-1B4BD8F717CC}"
EndProject
Project("{9A19103F-16F7-4668-BE54-9A1E7A4F7556}") = "BlazorApp.Server.Host", "03.0.blazor\BlazorApp.Server.Host\BlazorApp.Server.Host.csproj", "{FF02ECBF-FDDD-4709-BF68-FD6D003D36A2}"
EndProject
Project("{2150E333-8FDC-42A3-9474-1A3956D46DE8}") = "modules", "modules", "{4FB91AE6-7F6F-48E6-90CA-45F2A962A8D5}"
EndProject
Project("{9A19103F-16F7-4668-BE54-9A1E7A4F7556}") = "IdentityServer", "03.0.blazor\IdentityServer\IdentityServer.csproj", "{B30E5CCB-9A1C-4FB5-A578-503D76AAEBD3}"
EndProject
Project("{2150E333-8FDC-42A3-9474-1A3956D46DE8}") = "identity", "identity", "{D65F2E3A-09C3-4550-9598-FE1DF19A1EAC}"
EndProject
Project("{9A19103F-16F7-4668-BE54-9A1E7A4F7556}") = "Tchivs.Abp.Identity.Blazor", "..\modules\Identity\Tchivs.Abp.Identity.Blazor\Tchivs.Abp.Identity.Blazor.csproj", "{F87D10A2-12BB-4399-9ED3-B328AAB2D51D}"
EndProject
Project("{9A19103F-16F7-4668-BE54-9A1E7A4F7556}") = "Tchivs.Abp.Identity.Blazor.Server", "..\modules\Identity\Tchivs.Abp.Identity.Blazor.Server\Tchivs.Abp.Identity.Blazor.Server.csproj", "{0D8711A5-98F5-4A87-B2C6-E303A20F6EDE}"
EndProject
Project("{9A19103F-16F7-4668-BE54-9A1E7A4F7556}") = "Tchivs.Abp.Identity.Blazor.WebAssembly", "..\modules\Identity\Tchivs.Abp.Identity.Blazor.WebAssembly\Tchivs.Abp.Identity.Blazor.WebAssembly.csproj", "{394AAD5B-5EC2-41AD-B2F4-A53B33758202}"
EndProject
Project("{9A19103F-16F7-4668-BE54-9A1E7A4F7556}") = "BlazorApp.Blazor.Host", "03.0.blazor\BlazorApp.Blazor.Host\BlazorApp.Blazor.Host.csproj", "{86819F64-1B5D-4FD4-85C1-418F05E58573}"
EndProject
Project("{9A19103F-16F7-4668-BE54-9A1E7A4F7556}") = "Tchivs.Abp.Identity.Blazor.Bootstrap", "..\modules\Identity\Tchivs.Abp.Identity.Blazor.Bootstrap\Tchivs.Abp.Identity.Blazor.Bootstrap.csproj", "{48DC0145-35E0-4345-8042-09B86418F7F8}"
EndProject
Project("{9A19103F-16F7-4668-BE54-9A1E7A4F7556}") = "Tchivs.Abp.Identity.Blazor.Server.Bootstrap", "..\modules\Identity\Tchivs.Abp.Identity.Blazor.Server.Bootstrap\Tchivs.Abp.Identity.Blazor.Server.Bootstrap.csproj", "{84ED4432-BBE8-43E7-9B3A-8BE4E92BD08D}"
EndProject
Project("{9A19103F-16F7-4668-BE54-9A1E7A4F7556}") = "Tchivs.Abp.Identity.Blazor.WebAssembly.Bootstrap", "..\modules\Identity\Tchivs.Abp.Identity.Blazor.WebAssembly.Bootstrap\Tchivs.Abp.Identity.Blazor.WebAssembly.Bootstrap.csproj", "{CB20734D-B350-4262-9C01-E27F220D9118}"
EndProject
Project("{9A19103F-16F7-4668-BE54-9A1E7A4F7556}") = "Tchivs.Abp.AspNetCore.Components.Server", "..\framework\Tchivs.Abp.AspNetCore.Components.Server\Tchivs.Abp.AspNetCore.Components.Server.csproj", "{CE22A80F-43C5-4F2D-97E5-40A5241222D3}"
EndProject
Project("{9A19103F-16F7-4668-BE54-9A1E7A4F7556}") = "Tchivs.Abp.AspNetCore.Components.WebAssembly", "..\framework\Tchivs.Abp.AspNetCore.Components.WebAssembly\Tchivs.Abp.AspNetCore.Components.WebAssembly.csproj", "{D0BAC6F3-F0C7-4CA0-AD43-02C8F539487F}"
EndProject
Project("{9A19103F-16F7-4668-BE54-9A1E7A4F7556}") = "Tchivs.Abp.UI", "..\framework\Tchivs.Abp.UI\Tchivs.Abp.UI.csproj", "{DA10591B-3617-4AEF-AA20-6373085F4837}"
EndProject
Project("{9A19103F-16F7-4668-BE54-9A1E7A4F7556}") = "Tchivs.Abp.UI.Bootstrap", "..\framework\Tchivs.Abp.UI.Bootstrap\Tchivs.Abp.UI.Bootstrap.csproj", "{DD7F3CDB-F0E0-4D98-85E2-3CC89E2918E0}"
EndProject
Project("{2150E333-8FDC-42A3-9474-1A3956D46DE8}") = "themes", "themes", "{4A826C7F-78D7-422B-9FB3-AD0422EA7C11}"
EndProject
Project("{2150E333-8FDC-42A3-9474-1A3956D46DE8}") = "data-dictionary", "data-dictionary", "{4FED3B3E-4FDB-4C21-823C-09F80E66DA82}"
EndProject
Project("{2150E333-8FDC-42A3-9474-1A3956D46DE8}") = "identityserver", "identityserver", "{F442497F-8E62-408F-BD74-4C850620B77F}"
EndProject
Project("{2150E333-8FDC-42A3-9474-1A3956D46DE8}") = "tenant-management", "tenant-management", "{2C145E70-4D7D-40B0-9310-1E6CBE15661C}"
EndProject
Project("{9A19103F-16F7-4668-BE54-9A1E7A4F7556}") = "Tchivs.Abp.TenantManagement.Blazor", "..\modules\tenant-management\Tchivs.Abp.TenantManagement.Blazor\Tchivs.Abp.TenantManagement.Blazor.csproj", "{3467333B-3443-4756-BE70-3EA731386298}"
EndProject
Project("{9A19103F-16F7-4668-BE54-9A1E7A4F7556}") = "Tchivs.Abp.TenantManagement.Blazor.Server", "..\modules\tenant-management\Tchivs.Abp.TenantManagement.Blazor.Server\Tchivs.Abp.TenantManagement.Blazor.Server.csproj", "{4AFF5ED2-5550-40A3-B5CB-DACDDAC50659}"
EndProject
Project("{9A19103F-16F7-4668-BE54-9A1E7A4F7556}") = "Tchivs.Abp.TenantManagement.Blazor.WebAssembly", "..\modules\tenant-management\Tchivs.Abp.TenantManagement.Blazor.WebAssembly\Tchivs.Abp.TenantManagement.Blazor.WebAssembly.csproj", "{5C72FF51-6636-4B80-A791-83D4AFD74BFB}"
EndProject
Project("{9A19103F-16F7-4668-BE54-9A1E7A4F7556}") = "Tchivs.Abp.TenantManagement.Blazor.Bootstrap", "..\modules\tenant-management\Tchivs.Abp.TenantManagement.Blazor.Bootstrap\Tchivs.Abp.TenantManagement.Blazor.Bootstrap.csproj", "{02430319-CC7E-43DC-9015-AF02C4E6F7DB}"
EndProject
Project("{9A19103F-16F7-4668-BE54-9A1E7A4F7556}") = "Tchivs.Abp.TenantManagement.Blazor.Server.Bootstrap", "..\modules\tenant-management\Tchivs.Abp.TenantManagement.Blazor.Server.Bootstrap\Tchivs.Abp.TenantManagement.Blazor.Server.Bootstrap.csproj", "{A8537B59-A958-40ED-BE36-4FE5FA89F112}"
EndProject
Project("{9A19103F-16F7-4668-BE54-9A1E7A4F7556}") = "Tchivs.Abp.TenantManagement.Blazor.WebAssembly.Bootstrap", "..\modules\tenant-management\Tchivs.Abp.TenantManagement.Blazor.WebAssembly.Bootstrap\Tchivs.Abp.TenantManagement.Blazor.WebAssembly.Bootstrap.csproj", "{424C3378-D0D0-4FFA-A94C-7D740F178D49}"
EndProject
Project("{2150E333-8FDC-42A3-9474-1A3956D46DE8}") = "feature-management", "feature-management", "{115AEA5A-5144-4D41-9AB4-8CC459C3947C}"
EndProject
Project("{9A19103F-16F7-4668-BE54-9A1E7A4F7556}") = "Tchivs.Abp.FeatureManagement.Blazor", "..\modules\feature-management\Tchivs.Abp.FeatureManagement.Blazor\Tchivs.Abp.FeatureManagement.Blazor.csproj", "{41A504C6-1075-4347-8551-154D1ED83086}"
EndProject
Project("{9A19103F-16F7-4668-BE54-9A1E7A4F7556}") = "Tchivs.Abp.FeatureManagement.Blazor.Bootstrap", "..\modules\feature-management\Tchivs.Abp.FeatureManagement.Blazor.Bootstrap\Tchivs.Abp.FeatureManagement.Blazor.Bootstrap.csproj", "{3318187B-8455-4C4F-A256-1A30AFE95910}"
EndProject
Project("{9A19103F-16F7-4668-BE54-9A1E7A4F7556}") = "Tchivs.Abp.IdentityServer.Application", "..\modules\identityserver\Tchivs.Abp.IdentityServer.Application\Tchivs.Abp.IdentityServer.Application.csproj", "{A42D6910-DC5B-4A8D-BD57-6575CB536B31}"
EndProject
Project("{9A19103F-16F7-4668-BE54-9A1E7A4F7556}") = "Tchivs.Abp.IdentityServer.Application.Contracts", "..\modules\identityserver\Tchivs.Abp.IdentityServer.Application.Contracts\Tchivs.Abp.IdentityServer.Application.Contracts.csproj", "{1F1CE1A0-3C10-4D44-A0F9-73E0F39E7C7F}"
EndProject
Project("{9A19103F-16F7-4668-BE54-9A1E7A4F7556}") = "Tchivs.Abp.IdentityServer.Domain", "..\modules\identityserver\Tchivs.Abp.IdentityServer.Domain\Tchivs.Abp.IdentityServer.Domain.csproj", "{2D3006F2-DC4D-4277-8F5F-499C4201106A}"
EndProject
Project("{9A19103F-16F7-4668-BE54-9A1E7A4F7556}") = "Tchivs.Abp.IdentityServer.Domain.Shared", "..\modules\identityserver\Tchivs.Abp.IdentityServer.Domain.Shared\Tchivs.Abp.IdentityServer.Domain.Shared.csproj", "{B3F4AB44-6DFB-4518-A414-E220E07141DC}"
EndProject
Project("{9A19103F-16F7-4668-BE54-9A1E7A4F7556}") = "Tchivs.Abp.Consul", "..\framework\Tchivs.Abp.Consul\Tchivs.Abp.Consul.csproj", "{8036249D-BCDB-4AD0-80B1-0777E9F04961}"
EndProject
Project("{9A19103F-16F7-4668-BE54-9A1E7A4F7556}") = "Tchivs.Abp.AspNetCore.Consul", "..\framework\Tchivs.Abp.AspNetCore.Consul\Tchivs.Abp.AspNetCore.Consul.csproj", "{CA62285C-02D5-480F-B579-66D89B41DB28}"
EndProject
Project("{9A19103F-16F7-4668-BE54-9A1E7A4F7556}") = "Tchivs.Abp.UI.MudBlazor", "..\framework\Tchivs.Abp.UI.MudBlazor\Tchivs.Abp.UI.MudBlazor.csproj", "{33F1ACD3-829B-4793-ABBA-5BA5A1A73DB7}"
EndProject
Project("{9A19103F-16F7-4668-BE54-9A1E7A4F7556}") = "Tchivs.Abp.UI.AntDesign", "..\framework\Tchivs.Abp.UI.AntDesign\Tchivs.Abp.UI.AntDesign.csproj", "{1EE2CB9D-D463-4958-BF88-F265F0B46C20}"
EndProject
Project("{9A19103F-16F7-4668-BE54-9A1E7A4F7556}") = "Tchivs.Abp.UI.Bootstrap.WebAssembly", "..\modules\themes\src\Tchivs.Abp.UI.Bootstrap.WebAssembly\Tchivs.Abp.UI.Bootstrap.WebAssembly.csproj", "{19B0F3A0-52EE-4BAC-A30B-73E4E3E1AC26}"
EndProject
Project("{9A19103F-16F7-4668-BE54-9A1E7A4F7556}") = "Tchivs.Abp.UI.Bootstrap.Server", "..\modules\themes\src\Tchivs.Abp.UI.Bootstrap.Server\Tchivs.Abp.UI.Bootstrap.Server.csproj", "{1FD20430-BA85-4DC6-A066-E3A54292B93A}"
EndProject
Global
	GlobalSection(SolutionConfigurationPlatforms) = preSolution
		Debug|Any CPU = Debug|Any CPU
		Release|Any CPU = Release|Any CPU
	EndGlobalSection
	GlobalSection(ProjectConfigurationPlatforms) = postSolution
		{D0B8D870-B637-4604-924E-8C60BDA62859}.Debug|Any CPU.ActiveCfg = Debug|Any CPU
		{D0B8D870-B637-4604-924E-8C60BDA62859}.Debug|Any CPU.Build.0 = Debug|Any CPU
		{D0B8D870-B637-4604-924E-8C60BDA62859}.Release|Any CPU.ActiveCfg = Release|Any CPU
		{D0B8D870-B637-4604-924E-8C60BDA62859}.Release|Any CPU.Build.0 = Release|Any CPU
		{FF02ECBF-FDDD-4709-BF68-FD6D003D36A2}.Debug|Any CPU.ActiveCfg = Debug|Any CPU
		{FF02ECBF-FDDD-4709-BF68-FD6D003D36A2}.Debug|Any CPU.Build.0 = Debug|Any CPU
		{FF02ECBF-FDDD-4709-BF68-FD6D003D36A2}.Release|Any CPU.ActiveCfg = Release|Any CPU
		{FF02ECBF-FDDD-4709-BF68-FD6D003D36A2}.Release|Any CPU.Build.0 = Release|Any CPU
		{B30E5CCB-9A1C-4FB5-A578-503D76AAEBD3}.Debug|Any CPU.ActiveCfg = Debug|Any CPU
		{B30E5CCB-9A1C-4FB5-A578-503D76AAEBD3}.Debug|Any CPU.Build.0 = Debug|Any CPU
		{B30E5CCB-9A1C-4FB5-A578-503D76AAEBD3}.Release|Any CPU.ActiveCfg = Release|Any CPU
		{B30E5CCB-9A1C-4FB5-A578-503D76AAEBD3}.Release|Any CPU.Build.0 = Release|Any CPU
		{F87D10A2-12BB-4399-9ED3-B328AAB2D51D}.Debug|Any CPU.ActiveCfg = Debug|Any CPU
		{F87D10A2-12BB-4399-9ED3-B328AAB2D51D}.Debug|Any CPU.Build.0 = Debug|Any CPU
		{F87D10A2-12BB-4399-9ED3-B328AAB2D51D}.Release|Any CPU.ActiveCfg = Release|Any CPU
		{F87D10A2-12BB-4399-9ED3-B328AAB2D51D}.Release|Any CPU.Build.0 = Release|Any CPU
		{0D8711A5-98F5-4A87-B2C6-E303A20F6EDE}.Debug|Any CPU.ActiveCfg = Debug|Any CPU
		{0D8711A5-98F5-4A87-B2C6-E303A20F6EDE}.Debug|Any CPU.Build.0 = Debug|Any CPU
		{0D8711A5-98F5-4A87-B2C6-E303A20F6EDE}.Release|Any CPU.ActiveCfg = Release|Any CPU
		{0D8711A5-98F5-4A87-B2C6-E303A20F6EDE}.Release|Any CPU.Build.0 = Release|Any CPU
		{394AAD5B-5EC2-41AD-B2F4-A53B33758202}.Debug|Any CPU.ActiveCfg = Debug|Any CPU
		{394AAD5B-5EC2-41AD-B2F4-A53B33758202}.Debug|Any CPU.Build.0 = Debug|Any CPU
		{394AAD5B-5EC2-41AD-B2F4-A53B33758202}.Release|Any CPU.ActiveCfg = Release|Any CPU
		{394AAD5B-5EC2-41AD-B2F4-A53B33758202}.Release|Any CPU.Build.0 = Release|Any CPU
		{86819F64-1B5D-4FD4-85C1-418F05E58573}.Debug|Any CPU.ActiveCfg = Debug|Any CPU
		{86819F64-1B5D-4FD4-85C1-418F05E58573}.Debug|Any CPU.Build.0 = Debug|Any CPU
		{86819F64-1B5D-4FD4-85C1-418F05E58573}.Release|Any CPU.ActiveCfg = Release|Any CPU
		{86819F64-1B5D-4FD4-85C1-418F05E58573}.Release|Any CPU.Build.0 = Release|Any CPU
		{48DC0145-35E0-4345-8042-09B86418F7F8}.Debug|Any CPU.ActiveCfg = Debug|Any CPU
		{48DC0145-35E0-4345-8042-09B86418F7F8}.Debug|Any CPU.Build.0 = Debug|Any CPU
		{48DC0145-35E0-4345-8042-09B86418F7F8}.Release|Any CPU.ActiveCfg = Release|Any CPU
		{48DC0145-35E0-4345-8042-09B86418F7F8}.Release|Any CPU.Build.0 = Release|Any CPU
		{84ED4432-BBE8-43E7-9B3A-8BE4E92BD08D}.Debug|Any CPU.ActiveCfg = Debug|Any CPU
		{84ED4432-BBE8-43E7-9B3A-8BE4E92BD08D}.Debug|Any CPU.Build.0 = Debug|Any CPU
		{84ED4432-BBE8-43E7-9B3A-8BE4E92BD08D}.Release|Any CPU.ActiveCfg = Release|Any CPU
		{84ED4432-BBE8-43E7-9B3A-8BE4E92BD08D}.Release|Any CPU.Build.0 = Release|Any CPU
		{CB20734D-B350-4262-9C01-E27F220D9118}.Debug|Any CPU.ActiveCfg = Debug|Any CPU
		{CB20734D-B350-4262-9C01-E27F220D9118}.Debug|Any CPU.Build.0 = Debug|Any CPU
		{CB20734D-B350-4262-9C01-E27F220D9118}.Release|Any CPU.ActiveCfg = Release|Any CPU
		{CB20734D-B350-4262-9C01-E27F220D9118}.Release|Any CPU.Build.0 = Release|Any CPU
		{CE22A80F-43C5-4F2D-97E5-40A5241222D3}.Debug|Any CPU.ActiveCfg = Debug|Any CPU
		{CE22A80F-43C5-4F2D-97E5-40A5241222D3}.Debug|Any CPU.Build.0 = Debug|Any CPU
		{CE22A80F-43C5-4F2D-97E5-40A5241222D3}.Release|Any CPU.ActiveCfg = Release|Any CPU
		{CE22A80F-43C5-4F2D-97E5-40A5241222D3}.Release|Any CPU.Build.0 = Release|Any CPU
		{D0BAC6F3-F0C7-4CA0-AD43-02C8F539487F}.Debug|Any CPU.ActiveCfg = Debug|Any CPU
		{D0BAC6F3-F0C7-4CA0-AD43-02C8F539487F}.Debug|Any CPU.Build.0 = Debug|Any CPU
		{D0BAC6F3-F0C7-4CA0-AD43-02C8F539487F}.Release|Any CPU.ActiveCfg = Release|Any CPU
		{D0BAC6F3-F0C7-4CA0-AD43-02C8F539487F}.Release|Any CPU.Build.0 = Release|Any CPU
		{DA10591B-3617-4AEF-AA20-6373085F4837}.Debug|Any CPU.ActiveCfg = Debug|Any CPU
		{DA10591B-3617-4AEF-AA20-6373085F4837}.Debug|Any CPU.Build.0 = Debug|Any CPU
		{DA10591B-3617-4AEF-AA20-6373085F4837}.Release|Any CPU.ActiveCfg = Release|Any CPU
		{DA10591B-3617-4AEF-AA20-6373085F4837}.Release|Any CPU.Build.0 = Release|Any CPU
		{DD7F3CDB-F0E0-4D98-85E2-3CC89E2918E0}.Debug|Any CPU.ActiveCfg = Debug|Any CPU
		{DD7F3CDB-F0E0-4D98-85E2-3CC89E2918E0}.Debug|Any CPU.Build.0 = Debug|Any CPU
		{DD7F3CDB-F0E0-4D98-85E2-3CC89E2918E0}.Release|Any CPU.ActiveCfg = Release|Any CPU
		{DD7F3CDB-F0E0-4D98-85E2-3CC89E2918E0}.Release|Any CPU.Build.0 = Release|Any CPU
		{3467333B-3443-4756-BE70-3EA731386298}.Debug|Any CPU.ActiveCfg = Debug|Any CPU
		{3467333B-3443-4756-BE70-3EA731386298}.Debug|Any CPU.Build.0 = Debug|Any CPU
		{3467333B-3443-4756-BE70-3EA731386298}.Release|Any CPU.ActiveCfg = Release|Any CPU
		{3467333B-3443-4756-BE70-3EA731386298}.Release|Any CPU.Build.0 = Release|Any CPU
		{4AFF5ED2-5550-40A3-B5CB-DACDDAC50659}.Debug|Any CPU.ActiveCfg = Debug|Any CPU
		{4AFF5ED2-5550-40A3-B5CB-DACDDAC50659}.Debug|Any CPU.Build.0 = Debug|Any CPU
		{4AFF5ED2-5550-40A3-B5CB-DACDDAC50659}.Release|Any CPU.ActiveCfg = Release|Any CPU
		{4AFF5ED2-5550-40A3-B5CB-DACDDAC50659}.Release|Any CPU.Build.0 = Release|Any CPU
		{5C72FF51-6636-4B80-A791-83D4AFD74BFB}.Debug|Any CPU.ActiveCfg = Debug|Any CPU
		{5C72FF51-6636-4B80-A791-83D4AFD74BFB}.Debug|Any CPU.Build.0 = Debug|Any CPU
		{5C72FF51-6636-4B80-A791-83D4AFD74BFB}.Release|Any CPU.ActiveCfg = Release|Any CPU
		{5C72FF51-6636-4B80-A791-83D4AFD74BFB}.Release|Any CPU.Build.0 = Release|Any CPU
		{02430319-CC7E-43DC-9015-AF02C4E6F7DB}.Debug|Any CPU.ActiveCfg = Debug|Any CPU
		{02430319-CC7E-43DC-9015-AF02C4E6F7DB}.Debug|Any CPU.Build.0 = Debug|Any CPU
		{02430319-CC7E-43DC-9015-AF02C4E6F7DB}.Release|Any CPU.ActiveCfg = Release|Any CPU
		{02430319-CC7E-43DC-9015-AF02C4E6F7DB}.Release|Any CPU.Build.0 = Release|Any CPU
		{A8537B59-A958-40ED-BE36-4FE5FA89F112}.Debug|Any CPU.ActiveCfg = Debug|Any CPU
		{A8537B59-A958-40ED-BE36-4FE5FA89F112}.Debug|Any CPU.Build.0 = Debug|Any CPU
		{A8537B59-A958-40ED-BE36-4FE5FA89F112}.Release|Any CPU.ActiveCfg = Release|Any CPU
		{A8537B59-A958-40ED-BE36-4FE5FA89F112}.Release|Any CPU.Build.0 = Release|Any CPU
		{424C3378-D0D0-4FFA-A94C-7D740F178D49}.Debug|Any CPU.ActiveCfg = Debug|Any CPU
		{424C3378-D0D0-4FFA-A94C-7D740F178D49}.Debug|Any CPU.Build.0 = Debug|Any CPU
		{424C3378-D0D0-4FFA-A94C-7D740F178D49}.Release|Any CPU.ActiveCfg = Release|Any CPU
		{424C3378-D0D0-4FFA-A94C-7D740F178D49}.Release|Any CPU.Build.0 = Release|Any CPU
		{41A504C6-1075-4347-8551-154D1ED83086}.Debug|Any CPU.ActiveCfg = Debug|Any CPU
		{41A504C6-1075-4347-8551-154D1ED83086}.Debug|Any CPU.Build.0 = Debug|Any CPU
		{41A504C6-1075-4347-8551-154D1ED83086}.Release|Any CPU.ActiveCfg = Release|Any CPU
		{41A504C6-1075-4347-8551-154D1ED83086}.Release|Any CPU.Build.0 = Release|Any CPU
		{3318187B-8455-4C4F-A256-1A30AFE95910}.Debug|Any CPU.ActiveCfg = Debug|Any CPU
		{3318187B-8455-4C4F-A256-1A30AFE95910}.Debug|Any CPU.Build.0 = Debug|Any CPU
		{3318187B-8455-4C4F-A256-1A30AFE95910}.Release|Any CPU.ActiveCfg = Release|Any CPU
		{3318187B-8455-4C4F-A256-1A30AFE95910}.Release|Any CPU.Build.0 = Release|Any CPU
		{A42D6910-DC5B-4A8D-BD57-6575CB536B31}.Debug|Any CPU.ActiveCfg = Debug|Any CPU
		{A42D6910-DC5B-4A8D-BD57-6575CB536B31}.Debug|Any CPU.Build.0 = Debug|Any CPU
		{A42D6910-DC5B-4A8D-BD57-6575CB536B31}.Release|Any CPU.ActiveCfg = Release|Any CPU
		{A42D6910-DC5B-4A8D-BD57-6575CB536B31}.Release|Any CPU.Build.0 = Release|Any CPU
		{1F1CE1A0-3C10-4D44-A0F9-73E0F39E7C7F}.Debug|Any CPU.ActiveCfg = Debug|Any CPU
		{1F1CE1A0-3C10-4D44-A0F9-73E0F39E7C7F}.Debug|Any CPU.Build.0 = Debug|Any CPU
		{1F1CE1A0-3C10-4D44-A0F9-73E0F39E7C7F}.Release|Any CPU.ActiveCfg = Release|Any CPU
		{1F1CE1A0-3C10-4D44-A0F9-73E0F39E7C7F}.Release|Any CPU.Build.0 = Release|Any CPU
		{2D3006F2-DC4D-4277-8F5F-499C4201106A}.Debug|Any CPU.ActiveCfg = Debug|Any CPU
		{2D3006F2-DC4D-4277-8F5F-499C4201106A}.Debug|Any CPU.Build.0 = Debug|Any CPU
		{2D3006F2-DC4D-4277-8F5F-499C4201106A}.Release|Any CPU.ActiveCfg = Release|Any CPU
		{2D3006F2-DC4D-4277-8F5F-499C4201106A}.Release|Any CPU.Build.0 = Release|Any CPU
		{B3F4AB44-6DFB-4518-A414-E220E07141DC}.Debug|Any CPU.ActiveCfg = Debug|Any CPU
		{B3F4AB44-6DFB-4518-A414-E220E07141DC}.Debug|Any CPU.Build.0 = Debug|Any CPU
		{B3F4AB44-6DFB-4518-A414-E220E07141DC}.Release|Any CPU.ActiveCfg = Release|Any CPU
		{B3F4AB44-6DFB-4518-A414-E220E07141DC}.Release|Any CPU.Build.0 = Release|Any CPU
		{8036249D-BCDB-4AD0-80B1-0777E9F04961}.Debug|Any CPU.ActiveCfg = Debug|Any CPU
		{8036249D-BCDB-4AD0-80B1-0777E9F04961}.Debug|Any CPU.Build.0 = Debug|Any CPU
		{8036249D-BCDB-4AD0-80B1-0777E9F04961}.Release|Any CPU.ActiveCfg = Release|Any CPU
		{8036249D-BCDB-4AD0-80B1-0777E9F04961}.Release|Any CPU.Build.0 = Release|Any CPU
		{CA62285C-02D5-480F-B579-66D89B41DB28}.Debug|Any CPU.ActiveCfg = Debug|Any CPU
		{CA62285C-02D5-480F-B579-66D89B41DB28}.Debug|Any CPU.Build.0 = Debug|Any CPU
		{CA62285C-02D5-480F-B579-66D89B41DB28}.Release|Any CPU.ActiveCfg = Release|Any CPU
		{CA62285C-02D5-480F-B579-66D89B41DB28}.Release|Any CPU.Build.0 = Release|Any CPU
		{33F1ACD3-829B-4793-ABBA-5BA5A1A73DB7}.Debug|Any CPU.ActiveCfg = Debug|Any CPU
		{33F1ACD3-829B-4793-ABBA-5BA5A1A73DB7}.Debug|Any CPU.Build.0 = Debug|Any CPU
		{33F1ACD3-829B-4793-ABBA-5BA5A1A73DB7}.Release|Any CPU.ActiveCfg = Release|Any CPU
		{33F1ACD3-829B-4793-ABBA-5BA5A1A73DB7}.Release|Any CPU.Build.0 = Release|Any CPU
		{1EE2CB9D-D463-4958-BF88-F265F0B46C20}.Debug|Any CPU.ActiveCfg = Debug|Any CPU
		{1EE2CB9D-D463-4958-BF88-F265F0B46C20}.Debug|Any CPU.Build.0 = Debug|Any CPU
		{1EE2CB9D-D463-4958-BF88-F265F0B46C20}.Release|Any CPU.ActiveCfg = Release|Any CPU
		{1EE2CB9D-D463-4958-BF88-F265F0B46C20}.Release|Any CPU.Build.0 = Release|Any CPU
		{19B0F3A0-52EE-4BAC-A30B-73E4E3E1AC26}.Debug|Any CPU.ActiveCfg = Debug|Any CPU
		{19B0F3A0-52EE-4BAC-A30B-73E4E3E1AC26}.Debug|Any CPU.Build.0 = Debug|Any CPU
		{19B0F3A0-52EE-4BAC-A30B-73E4E3E1AC26}.Release|Any CPU.ActiveCfg = Release|Any CPU
		{19B0F3A0-52EE-4BAC-A30B-73E4E3E1AC26}.Release|Any CPU.Build.0 = Release|Any CPU
		{1FD20430-BA85-4DC6-A066-E3A54292B93A}.Debug|Any CPU.ActiveCfg = Debug|Any CPU
		{1FD20430-BA85-4DC6-A066-E3A54292B93A}.Debug|Any CPU.Build.0 = Debug|Any CPU
		{1FD20430-BA85-4DC6-A066-E3A54292B93A}.Release|Any CPU.ActiveCfg = Release|Any CPU
		{1FD20430-BA85-4DC6-A066-E3A54292B93A}.Release|Any CPU.Build.0 = Release|Any CPU
	EndGlobalSection
	GlobalSection(SolutionProperties) = preSolution
		HideSolutionNode = FALSE
	EndGlobalSection
	GlobalSection(NestedProjects) = preSolution
		{D0B8D870-B637-4604-924E-8C60BDA62859} = {D3E8A34C-60F0-4201-AE74-F568984B1825}
		{4821AFD5-FA9D-4E97-93D1-1B4BD8F717CC} = {C59CD7D2-8E53-449D-91F1-3BDC14BAD1C0}
		{FF02ECBF-FDDD-4709-BF68-FD6D003D36A2} = {4821AFD5-FA9D-4E97-93D1-1B4BD8F717CC}
		{B30E5CCB-9A1C-4FB5-A578-503D76AAEBD3} = {4821AFD5-FA9D-4E97-93D1-1B4BD8F717CC}
		{D65F2E3A-09C3-4550-9598-FE1DF19A1EAC} = {4FB91AE6-7F6F-48E6-90CA-45F2A962A8D5}
		{F87D10A2-12BB-4399-9ED3-B328AAB2D51D} = {D65F2E3A-09C3-4550-9598-FE1DF19A1EAC}
		{0D8711A5-98F5-4A87-B2C6-E303A20F6EDE} = {D65F2E3A-09C3-4550-9598-FE1DF19A1EAC}
		{394AAD5B-5EC2-41AD-B2F4-A53B33758202} = {D65F2E3A-09C3-4550-9598-FE1DF19A1EAC}
		{86819F64-1B5D-4FD4-85C1-418F05E58573} = {4821AFD5-FA9D-4E97-93D1-1B4BD8F717CC}
		{48DC0145-35E0-4345-8042-09B86418F7F8} = {D65F2E3A-09C3-4550-9598-FE1DF19A1EAC}
		{84ED4432-BBE8-43E7-9B3A-8BE4E92BD08D} = {D65F2E3A-09C3-4550-9598-FE1DF19A1EAC}
		{CB20734D-B350-4262-9C01-E27F220D9118} = {D65F2E3A-09C3-4550-9598-FE1DF19A1EAC}
		{CE22A80F-43C5-4F2D-97E5-40A5241222D3} = {D3E8A34C-60F0-4201-AE74-F568984B1825}
		{D0BAC6F3-F0C7-4CA0-AD43-02C8F539487F} = {D3E8A34C-60F0-4201-AE74-F568984B1825}
		{DA10591B-3617-4AEF-AA20-6373085F4837} = {D3E8A34C-60F0-4201-AE74-F568984B1825}
		{DD7F3CDB-F0E0-4D98-85E2-3CC89E2918E0} = {D3E8A34C-60F0-4201-AE74-F568984B1825}
		{4A826C7F-78D7-422B-9FB3-AD0422EA7C11} = {4FB91AE6-7F6F-48E6-90CA-45F2A962A8D5}
		{4FED3B3E-4FDB-4C21-823C-09F80E66DA82} = {4FB91AE6-7F6F-48E6-90CA-45F2A962A8D5}
		{F442497F-8E62-408F-BD74-4C850620B77F} = {4FB91AE6-7F6F-48E6-90CA-45F2A962A8D5}
		{2C145E70-4D7D-40B0-9310-1E6CBE15661C} = {4FB91AE6-7F6F-48E6-90CA-45F2A962A8D5}
		{3467333B-3443-4756-BE70-3EA731386298} = {2C145E70-4D7D-40B0-9310-1E6CBE15661C}
		{4AFF5ED2-5550-40A3-B5CB-DACDDAC50659} = {2C145E70-4D7D-40B0-9310-1E6CBE15661C}
		{5C72FF51-6636-4B80-A791-83D4AFD74BFB} = {2C145E70-4D7D-40B0-9310-1E6CBE15661C}
		{02430319-CC7E-43DC-9015-AF02C4E6F7DB} = {2C145E70-4D7D-40B0-9310-1E6CBE15661C}
		{A8537B59-A958-40ED-BE36-4FE5FA89F112} = {2C145E70-4D7D-40B0-9310-1E6CBE15661C}
		{424C3378-D0D0-4FFA-A94C-7D740F178D49} = {2C145E70-4D7D-40B0-9310-1E6CBE15661C}
		{115AEA5A-5144-4D41-9AB4-8CC459C3947C} = {4FB91AE6-7F6F-48E6-90CA-45F2A962A8D5}
		{41A504C6-1075-4347-8551-154D1ED83086} = {115AEA5A-5144-4D41-9AB4-8CC459C3947C}
		{3318187B-8455-4C4F-A256-1A30AFE95910} = {115AEA5A-5144-4D41-9AB4-8CC459C3947C}
		{A42D6910-DC5B-4A8D-BD57-6575CB536B31} = {F442497F-8E62-408F-BD74-4C850620B77F}
		{1F1CE1A0-3C10-4D44-A0F9-73E0F39E7C7F} = {F442497F-8E62-408F-BD74-4C850620B77F}
		{2D3006F2-DC4D-4277-8F5F-499C4201106A} = {F442497F-8E62-408F-BD74-4C850620B77F}
		{B3F4AB44-6DFB-4518-A414-E220E07141DC} = {F442497F-8E62-408F-BD74-4C850620B77F}
		{8036249D-BCDB-4AD0-80B1-0777E9F04961} = {D3E8A34C-60F0-4201-AE74-F568984B1825}
		{CA62285C-02D5-480F-B579-66D89B41DB28} = {D3E8A34C-60F0-4201-AE74-F568984B1825}
		{33F1ACD3-829B-4793-ABBA-5BA5A1A73DB7} = {D3E8A34C-60F0-4201-AE74-F568984B1825}
		{1EE2CB9D-D463-4958-BF88-F265F0B46C20} = {D3E8A34C-60F0-4201-AE74-F568984B1825}
		{19B0F3A0-52EE-4BAC-A30B-73E4E3E1AC26} = {4A826C7F-78D7-422B-9FB3-AD0422EA7C11}
		{1FD20430-BA85-4DC6-A066-E3A54292B93A} = {4A826C7F-78D7-422B-9FB3-AD0422EA7C11}
	EndGlobalSection
	GlobalSection(ExtensibilityGlobals) = postSolution
		SolutionGuid = {CCFE21D1-8264-41D5-B372-74B18454B7B9}
	EndGlobalSection
EndGlobal
