Microsoft Visual Studio Solution File, Format Version 12.00
# Visual Studio Version 17
VisualStudioVersion = 17.0.31919.166
MinimumVisualStudioVersion = 10.0.40219.1
Project("{9A19103F-16F7-4668-BE54-9A1E7A4F7556}") = "Tchivs.Abp.Nacos", "..\framework\Tchivs.Abp.Nacos\Tchivs.Abp.Nacos.csproj", "{183474B1-6776-4BBF-A6D7-34BA39F996B0}"
EndProject
Project("{2150E333-8FDC-42A3-9474-1A3956D46DE8}") = "src", "src", "{D3E8A34C-60F0-4201-AE74-F568984B1825}"
EndProject
Project("{2150E333-8FDC-42A3-9474-1A3956D46DE8}") = "samples", "samples", "{C59CD7D2-8E53-449D-91F1-3BDC14BAD1C0}"
EndProject
Project("{2150E333-8FDC-42A3-9474-1A3956D46DE8}") = "01.nacos with console", "01.nacos with console", "{481D1AB6-2298-40FA-9F9B-3F9420CF507C}"
EndProject
Project("{9A19103F-16F7-4668-BE54-9A1E7A4F7556}") = "Tchivs.Abp.AspNetCore.Nacos", "..\framework\Tchivs.Abp.AspNetCore.Nacos\Tchivs.Abp.AspNetCore.Nacos.csproj", "{B19E473E-0EDB-45DC-9955-6ECE50A74AF2}"
EndProject
Project("{2150E333-8FDC-42A3-9474-1A3956D46DE8}") = "02.nacos with aspnetcore", "02.nacos with aspnetcore", "{795BFAB1-5AAE-4E33-9BAC-878974A50583}"
EndProject
Project("{9A19103F-16F7-4668-BE54-9A1E7A4F7556}") = "NacosConsoleApp", "01.nacos with console\NacosConsoleApp\NacosConsoleApp.csproj", "{A7BDF3B2-A210-4A31-98E0-840714B99D7A}"
EndProject
Project("{9A19103F-16F7-4668-BE54-9A1E7A4F7556}") = "NacosWebApplication", "02.nacos with aspnetcore\NacosWebApplication\NacosWebApplication.csproj", "{46E6683D-72EC-4A2F-87FB-D7AFE27685D2}"
EndProject
Project("{9A19103F-16F7-4668-BE54-9A1E7A4F7556}") = "Tchivs.Abp.Core", "..\framework\Tchivs.Abp.Core\Tchivs.Abp.Core.csproj", "{D0B8D870-B637-4604-924E-8C60BDA62859}"
EndProject
Project("{2150E333-8FDC-42A3-9474-1A3956D46DE8}") = "03.0.blazor", "03.0.blazor", "{4821AFD5-FA9D-4E97-93D1-1B4BD8F717CC}"
EndProject
Project("{9A19103F-16F7-4668-BE54-9A1E7A4F7556}") = "BlazorApp.Server.Host", "03.0.blazor\BlazorApp.Server.Host\BlazorApp.Server.Host.csproj", "{FF02ECBF-FDDD-4709-BF68-FD6D003D36A2}"
EndProject
Project("{2150E333-8FDC-42A3-9474-1A3956D46DE8}") = "modules", "modules", "{4FB91AE6-7F6F-48E6-90CA-45F2A962A8D5}"
EndProject
Project("{2150E333-8FDC-42A3-9474-1A3956D46DE8}") = "account", "account", "{83214235-C3B8-4AD9-8F22-28BF2A0E48E7}"
EndProject
Project("{9A19103F-16F7-4668-BE54-9A1E7A4F7556}") = "Tchivs.Abp.Account.Blazor", "..\modules\account\Tchivs.Abp.Account.Blazor\Tchivs.Abp.Account.Blazor.csproj", "{54D3CD24-F026-4E69-ABCE-B26AA5D6B7C3}"
EndProject
Project("{9A19103F-16F7-4668-BE54-9A1E7A4F7556}") = "Tchivs.Abp.AspNetCore.Blazor", "..\framework\Tchivs.Abp.AspNetCore.Blazor\Tchivs.Abp.AspNetCore.Blazor.csproj", "{F60CDBF4-0E27-4461-8B72-E16CAADFD3AE}"
EndProject
Project("{9A19103F-16F7-4668-BE54-9A1E7A4F7556}") = "Tchivs.Abp.AspNetCore.Blazor.Server", "..\framework\Tchivs.Abp.AspNetCore.Blazor.Server\Tchivs.Abp.AspNetCore.Blazor.Server.csproj", "{23C54B4D-39BC-4E22-8993-545C7B989D4A}"
EndProject
Project("{9A19103F-16F7-4668-BE54-9A1E7A4F7556}") = "Tchivs.Abp.AspNetCore.Blazor.WebAssembly", "..\framework\Tchivs.Abp.AspNetCore.Blazor.WebAssembly\Tchivs.Abp.AspNetCore.Blazor.WebAssembly.csproj", "{92BD5D9E-FCF8-4FDD-9451-23AAF71457D7}"
EndProject
Project("{9A19103F-16F7-4668-BE54-9A1E7A4F7556}") = "BlazorApp.WebAssembly.Host", "03.0.blazor\BlazorApp.WebAssembly.Host\BlazorApp.WebAssembly.Host.csproj", "{C86F8F4A-452F-4EB6-A0B7-B75B9CC86481}"
EndProject
Project("{FAE04EC0-301F-11D3-BF4B-00C04F79EFBC}") = "Tchivs.Abp.Account.Blazor.IdentityServer", "..\modules\account\Tchivs.Abp.Account.Blazor.IdentityServer\Tchivs.Abp.Account.Blazor.IdentityServer.csproj", "{FC6D7571-D8AD-42C1-8C8C-D8F7B5D65C7B}"
EndProject
Global
	GlobalSection(SolutionConfigurationPlatforms) = preSolution
		Debug|Any CPU = Debug|Any CPU
		Release|Any CPU = Release|Any CPU
	EndGlobalSection
	GlobalSection(ProjectConfigurationPlatforms) = postSolution
		{183474B1-6776-4BBF-A6D7-34BA39F996B0}.Debug|Any CPU.ActiveCfg = Debug|Any CPU
		{183474B1-6776-4BBF-A6D7-34BA39F996B0}.Debug|Any CPU.Build.0 = Debug|Any CPU
		{183474B1-6776-4BBF-A6D7-34BA39F996B0}.Release|Any CPU.ActiveCfg = Release|Any CPU
		{183474B1-6776-4BBF-A6D7-34BA39F996B0}.Release|Any CPU.Build.0 = Release|Any CPU
		{B19E473E-0EDB-45DC-9955-6ECE50A74AF2}.Debug|Any CPU.ActiveCfg = Debug|Any CPU
		{B19E473E-0EDB-45DC-9955-6ECE50A74AF2}.Debug|Any CPU.Build.0 = Debug|Any CPU
		{B19E473E-0EDB-45DC-9955-6ECE50A74AF2}.Release|Any CPU.ActiveCfg = Release|Any CPU
		{B19E473E-0EDB-45DC-9955-6ECE50A74AF2}.Release|Any CPU.Build.0 = Release|Any CPU
		{A7BDF3B2-A210-4A31-98E0-840714B99D7A}.Debug|Any CPU.ActiveCfg = Debug|Any CPU
		{A7BDF3B2-A210-4A31-98E0-840714B99D7A}.Debug|Any CPU.Build.0 = Debug|Any CPU
		{A7BDF3B2-A210-4A31-98E0-840714B99D7A}.Release|Any CPU.ActiveCfg = Release|Any CPU
		{A7BDF3B2-A210-4A31-98E0-840714B99D7A}.Release|Any CPU.Build.0 = Release|Any CPU
		{46E6683D-72EC-4A2F-87FB-D7AFE27685D2}.Debug|Any CPU.ActiveCfg = Debug|Any CPU
		{46E6683D-72EC-4A2F-87FB-D7AFE27685D2}.Debug|Any CPU.Build.0 = Debug|Any CPU
		{46E6683D-72EC-4A2F-87FB-D7AFE27685D2}.Release|Any CPU.ActiveCfg = Release|Any CPU
		{46E6683D-72EC-4A2F-87FB-D7AFE27685D2}.Release|Any CPU.Build.0 = Release|Any CPU
		{D0B8D870-B637-4604-924E-8C60BDA62859}.Debug|Any CPU.ActiveCfg = Debug|Any CPU
		{D0B8D870-B637-4604-924E-8C60BDA62859}.Debug|Any CPU.Build.0 = Debug|Any CPU
		{D0B8D870-B637-4604-924E-8C60BDA62859}.Release|Any CPU.ActiveCfg = Release|Any CPU
		{D0B8D870-B637-4604-924E-8C60BDA62859}.Release|Any CPU.Build.0 = Release|Any CPU
		{FF02ECBF-FDDD-4709-BF68-FD6D003D36A2}.Debug|Any CPU.ActiveCfg = Debug|Any CPU
		{FF02ECBF-FDDD-4709-BF68-FD6D003D36A2}.Debug|Any CPU.Build.0 = Debug|Any CPU
		{FF02ECBF-FDDD-4709-BF68-FD6D003D36A2}.Release|Any CPU.ActiveCfg = Release|Any CPU
		{FF02ECBF-FDDD-4709-BF68-FD6D003D36A2}.Release|Any CPU.Build.0 = Release|Any CPU
		{54D3CD24-F026-4E69-ABCE-B26AA5D6B7C3}.Debug|Any CPU.ActiveCfg = Debug|Any CPU
		{54D3CD24-F026-4E69-ABCE-B26AA5D6B7C3}.Debug|Any CPU.Build.0 = Debug|Any CPU
		{54D3CD24-F026-4E69-ABCE-B26AA5D6B7C3}.Release|Any CPU.ActiveCfg = Release|Any CPU
		{54D3CD24-F026-4E69-ABCE-B26AA5D6B7C3}.Release|Any CPU.Build.0 = Release|Any CPU
		{F60CDBF4-0E27-4461-8B72-E16CAADFD3AE}.Debug|Any CPU.ActiveCfg = Debug|Any CPU
		{F60CDBF4-0E27-4461-8B72-E16CAADFD3AE}.Debug|Any CPU.Build.0 = Debug|Any CPU
		{F60CDBF4-0E27-4461-8B72-E16CAADFD3AE}.Release|Any CPU.ActiveCfg = Release|Any CPU
		{F60CDBF4-0E27-4461-8B72-E16CAADFD3AE}.Release|Any CPU.Build.0 = Release|Any CPU
		{23C54B4D-39BC-4E22-8993-545C7B989D4A}.Debug|Any CPU.ActiveCfg = Debug|Any CPU
		{23C54B4D-39BC-4E22-8993-545C7B989D4A}.Debug|Any CPU.Build.0 = Debug|Any CPU
		{23C54B4D-39BC-4E22-8993-545C7B989D4A}.Release|Any CPU.ActiveCfg = Release|Any CPU
		{23C54B4D-39BC-4E22-8993-545C7B989D4A}.Release|Any CPU.Build.0 = Release|Any CPU
		{92BD5D9E-FCF8-4FDD-9451-23AAF71457D7}.Debug|Any CPU.ActiveCfg = Debug|Any CPU
		{92BD5D9E-FCF8-4FDD-9451-23AAF71457D7}.Debug|Any CPU.Build.0 = Debug|Any CPU
		{92BD5D9E-FCF8-4FDD-9451-23AAF71457D7}.Release|Any CPU.ActiveCfg = Release|Any CPU
		{92BD5D9E-FCF8-4FDD-9451-23AAF71457D7}.Release|Any CPU.Build.0 = Release|Any CPU
		{C86F8F4A-452F-4EB6-A0B7-B75B9CC86481}.Debug|Any CPU.ActiveCfg = Debug|Any CPU
		{C86F8F4A-452F-4EB6-A0B7-B75B9CC86481}.Debug|Any CPU.Build.0 = Debug|Any CPU
		{C86F8F4A-452F-4EB6-A0B7-B75B9CC86481}.Release|Any CPU.ActiveCfg = Release|Any CPU
		{C86F8F4A-452F-4EB6-A0B7-B75B9CC86481}.Release|Any CPU.Build.0 = Release|Any CPU
		{FC6D7571-D8AD-42C1-8C8C-D8F7B5D65C7B}.Debug|Any CPU.ActiveCfg = Debug|Any CPU
		{FC6D7571-D8AD-42C1-8C8C-D8F7B5D65C7B}.Debug|Any CPU.Build.0 = Debug|Any CPU
		{FC6D7571-D8AD-42C1-8C8C-D8F7B5D65C7B}.Release|Any CPU.ActiveCfg = Release|Any CPU
		{FC6D7571-D8AD-42C1-8C8C-D8F7B5D65C7B}.Release|Any CPU.Build.0 = Release|Any CPU
	EndGlobalSection
	GlobalSection(SolutionProperties) = preSolution
		HideSolutionNode = FALSE
	EndGlobalSection
	GlobalSection(NestedProjects) = preSolution
		{183474B1-6776-4BBF-A6D7-34BA39F996B0} = {D3E8A34C-60F0-4201-AE74-F568984B1825}
		{481D1AB6-2298-40FA-9F9B-3F9420CF507C} = {C59CD7D2-8E53-449D-91F1-3BDC14BAD1C0}
		{B19E473E-0EDB-45DC-9955-6ECE50A74AF2} = {D3E8A34C-60F0-4201-AE74-F568984B1825}
		{795BFAB1-5AAE-4E33-9BAC-878974A50583} = {C59CD7D2-8E53-449D-91F1-3BDC14BAD1C0}
		{A7BDF3B2-A210-4A31-98E0-840714B99D7A} = {481D1AB6-2298-40FA-9F9B-3F9420CF507C}
		{46E6683D-72EC-4A2F-87FB-D7AFE27685D2} = {795BFAB1-5AAE-4E33-9BAC-878974A50583}
		{D0B8D870-B637-4604-924E-8C60BDA62859} = {D3E8A34C-60F0-4201-AE74-F568984B1825}
		{4821AFD5-FA9D-4E97-93D1-1B4BD8F717CC} = {C59CD7D2-8E53-449D-91F1-3BDC14BAD1C0}
		{FF02ECBF-FDDD-4709-BF68-FD6D003D36A2} = {4821AFD5-FA9D-4E97-93D1-1B4BD8F717CC}
		{83214235-C3B8-4AD9-8F22-28BF2A0E48E7} = {4FB91AE6-7F6F-48E6-90CA-45F2A962A8D5}
		{54D3CD24-F026-4E69-ABCE-B26AA5D6B7C3} = {83214235-C3B8-4AD9-8F22-28BF2A0E48E7}
		{F60CDBF4-0E27-4461-8B72-E16CAADFD3AE} = {D3E8A34C-60F0-4201-AE74-F568984B1825}
		{23C54B4D-39BC-4E22-8993-545C7B989D4A} = {D3E8A34C-60F0-4201-AE74-F568984B1825}
		{92BD5D9E-FCF8-4FDD-9451-23AAF71457D7} = {D3E8A34C-60F0-4201-AE74-F568984B1825}
		{C86F8F4A-452F-4EB6-A0B7-B75B9CC86481} = {4821AFD5-FA9D-4E97-93D1-1B4BD8F717CC}
		{FC6D7571-D8AD-42C1-8C8C-D8F7B5D65C7B} = {83214235-C3B8-4AD9-8F22-28BF2A0E48E7}
	EndGlobalSection
	GlobalSection(ExtensibilityGlobals) = postSolution
		SolutionGuid = {CCFE21D1-8264-41D5-B372-74B18454B7B9}
	EndGlobalSection
EndGlobal
